{
  "name": "node-csv-parser-example",
  "version": "1.0.0",
  "lockfileVersion": 1,
  "requires": true,
  "dependencies": {
    "csv-parser": {
      "version": "3.0.0",
      "resolved": "https://gapinc.jfrog.io/gapinc/api/npm/npm-repos/csv-parser/-/csv-parser-3.0.0.tgz",
      "integrity": "sha1-uIpiVteeCQqXobVkUfkyewHXEOc=",
      "requires": {
        "minimist": "^1.2.0"
      }
    },
    "minimist": {
      "version": "1.2.5",
      "resolved": "https://gapinc.jfrog.io/gapinc/api/npm/npm-repos/minimist/-/minimist-1.2.5.tgz",
      "integrity": "sha1-Z9ZgFLZqaoqqDAg8X9WN9OTpdgI="
    }
  }
}
